// !$*UTF8*$!
{
	archiveVersion = 1;
	classes = {
	};
	objectVersion = 50;
	objects = {

/* Begin PBXBuildFile section */
		4E0B6C382503144A00ECC42C /* MasterViewController.swift in Sources */ = {isa = PBXBuildFile; fileRef = 4E0B6C372503144A00ECC42C /* MasterViewController.swift */; };
		4E0B6C3A250314E700ECC42C /* Main.storyboard in Resources */ = {isa = PBXBuildFile; fileRef = 4E0B6C39250314E700ECC42C /* Main.storyboard */; };
		4E0B6C3C2503152000ECC42C /* WeatherModel.swift in Sources */ = {isa = PBXBuildFile; fileRef = 4E0B6C3B2503152000ECC42C /* WeatherModel.swift */; };
		4E0B6C3E2503177C00ECC42C /* SearchViewController.swift in Sources */ = {isa = PBXBuildFile; fileRef = 4E0B6C3D2503177C00ECC42C /* SearchViewController.swift */; };
		4E0B6C4025032C6800ECC42C /* LocationService.swift in Sources */ = {isa = PBXBuildFile; fileRef = 4E0B6C3F25032C6800ECC42C /* LocationService.swift */; };
		4E0B6C4425033A9F00ECC42C /* SearchViewControllerExtensions.swift in Sources */ = {isa = PBXBuildFile; fileRef = 4E0B6C4325033A9F00ECC42C /* SearchViewControllerExtensions.swift */; };
		4E0B6C4725033B1A00ECC42C /* SearchPlaceService.swift in Sources */ = {isa = PBXBuildFile; fileRef = 4E0B6C4625033B1A00ECC42C /* SearchPlaceService.swift */; };
		4E0B6C4A2503407100ECC42C /* MasterViewControllerExtensions.swift in Sources */ = {isa = PBXBuildFile; fileRef = 4E0B6C492503407100ECC42C /* MasterViewControllerExtensions.swift */; };
		4E1581E8250345390050EE7B /* SceneDelegate.swift in Sources */ = {isa = PBXBuildFile; fileRef = 4E1581E7250345390050EE7B /* SceneDelegate.swift */; };
		4E1581EA250365C30050EE7B /* UIViewControllerExtension.swift in Sources */ = {isa = PBXBuildFile; fileRef = 4E1581E9250365C30050EE7B /* UIViewControllerExtension.swift */; };
		4EA23861250475C000800D89 /* TeleportService.swift in Sources */ = {isa = PBXBuildFile; fileRef = 4EA23860250475C000800D89 /* TeleportService.swift */; };
		4EBB10602504890A0068B341 /* GeonameCity.swift in Sources */ = {isa = PBXBuildFile; fileRef = 4EBB105F2504890A0068B341 /* GeonameCity.swift */; };
		4EBB1062250489140068B341 /* UrbanArea.swift in Sources */ = {isa = PBXBuildFile; fileRef = 4EBB1061250489140068B341 /* UrbanArea.swift */; };
		4EBB10642504891D0068B341 /* TeleportCity.swift in Sources */ = {isa = PBXBuildFile; fileRef = 4EBB10632504891D0068B341 /* TeleportCity.swift */; };
		4EBB106725048A740068B341 /* StringExtension.swift in Sources */ = {isa = PBXBuildFile; fileRef = 4EBB106625048A740068B341 /* StringExtension.swift */; };
		4EBB106925048D100068B341 /* RequestService.swift in Sources */ = {isa = PBXBuildFile; fileRef = 4EBB106825048D100068B341 /* RequestService.swift */; };
		4EBB106B2504A5730068B341 /* LocalPersistenceService.swift in Sources */ = {isa = PBXBuildFile; fileRef = 4EBB106A2504A5730068B341 /* LocalPersistenceService.swift */; };
		4EDF3B4424FFFCA30011CB42 /* AppDelegate.swift in Sources */ = {isa = PBXBuildFile; fileRef = 4EDF3B4324FFFCA30011CB42 /* AppDelegate.swift */; };
		4EDF3B4E24FFFCA30011CB42 /* OpenWeatherApp.xcdatamodeld in Sources */ = {isa = PBXBuildFile; fileRef = 4EDF3B4C24FFFCA30011CB42 /* OpenWeatherApp.xcdatamodeld */; };
		4EDF3B5024FFFCA40011CB42 /* Assets.xcassets in Resources */ = {isa = PBXBuildFile; fileRef = 4EDF3B4F24FFFCA40011CB42 /* Assets.xcassets */; };
		4EDF3B5324FFFCA40011CB42 /* LaunchScreen.storyboard in Resources */ = {isa = PBXBuildFile; fileRef = 4EDF3B5124FFFCA40011CB42 /* LaunchScreen.storyboard */; };
		4EDF3B5E24FFFCA40011CB42 /* OpenWeatherAppTests.swift in Sources */ = {isa = PBXBuildFile; fileRef = 4EDF3B5D24FFFCA40011CB42 /* OpenWeatherAppTests.swift */; };
		4EDF3B6924FFFCA50011CB42 /* OpenWeatherAppUITests.swift in Sources */ = {isa = PBXBuildFile; fileRef = 4EDF3B6824FFFCA50011CB42 /* OpenWeatherAppUITests.swift */; };
		4EDF3B7724FFFCED0011CB42 /* OpenWeatherServices.swift in Sources */ = {isa = PBXBuildFile; fileRef = 4EDF3B7624FFFCED0011CB42 /* OpenWeatherServices.swift */; };
/* End PBXBuildFile section */

/* Begin PBXContainerItemProxy section */
		4EDF3B5A24FFFCA40011CB42 /* PBXContainerItemProxy */ = {
			isa = PBXContainerItemProxy;
			containerPortal = 4EDF3B3824FFFCA30011CB42 /* Project object */;
			proxyType = 1;
			remoteGlobalIDString = 4EDF3B3F24FFFCA30011CB42;
			remoteInfo = OpenWeatherApp;
		};
		4EDF3B6524FFFCA50011CB42 /* PBXContainerItemProxy */ = {
			isa = PBXContainerItemProxy;
			containerPortal = 4EDF3B3824FFFCA30011CB42 /* Project object */;
			proxyType = 1;
			remoteGlobalIDString = 4EDF3B3F24FFFCA30011CB42;
			remoteInfo = OpenWeatherApp;
		};
/* End PBXContainerItemProxy section */

/* Begin PBXFileReference section */
		4E0B6C372503144A00ECC42C /* MasterViewController.swift */ = {isa = PBXFileReference; lastKnownFileType = sourcecode.swift; path = MasterViewController.swift; sourceTree = "<group>"; };
		4E0B6C39250314E700ECC42C /* Main.storyboard */ = {isa = PBXFileReference; fileEncoding = 4; lastKnownFileType = file.storyboard; path = Main.storyboard; sourceTree = "<group>"; };
		4E0B6C3B2503152000ECC42C /* WeatherModel.swift */ = {isa = PBXFileReference; lastKnownFileType = sourcecode.swift; path = WeatherModel.swift; sourceTree = "<group>"; };
		4E0B6C3D2503177C00ECC42C /* SearchViewController.swift */ = {isa = PBXFileReference; lastKnownFileType = sourcecode.swift; path = SearchViewController.swift; sourceTree = "<group>"; };
		4E0B6C3F25032C6800ECC42C /* LocationService.swift */ = {isa = PBXFileReference; lastKnownFileType = sourcecode.swift; path = LocationService.swift; sourceTree = "<group>"; };
		4E0B6C4325033A9F00ECC42C /* SearchViewControllerExtensions.swift */ = {isa = PBXFileReference; lastKnownFileType = sourcecode.swift; path = SearchViewControllerExtensions.swift; sourceTree = "<group>"; };
		4E0B6C4625033B1A00ECC42C /* SearchPlaceService.swift */ = {isa = PBXFileReference; lastKnownFileType = sourcecode.swift; path = SearchPlaceService.swift; sourceTree = "<group>"; };
		4E0B6C492503407100ECC42C /* MasterViewControllerExtensions.swift */ = {isa = PBXFileReference; lastKnownFileType = sourcecode.swift; path = MasterViewControllerExtensions.swift; sourceTree = "<group>"; };
		4E1581E7250345390050EE7B /* SceneDelegate.swift */ = {isa = PBXFileReference; fileEncoding = 4; lastKnownFileType = sourcecode.swift; path = SceneDelegate.swift; sourceTree = "<group>"; };
		4E1581E9250365C30050EE7B /* UIViewControllerExtension.swift */ = {isa = PBXFileReference; lastKnownFileType = sourcecode.swift; path = UIViewControllerExtension.swift; sourceTree = "<group>"; };
		4EA23860250475C000800D89 /* TeleportService.swift */ = {isa = PBXFileReference; lastKnownFileType = sourcecode.swift; path = TeleportService.swift; sourceTree = "<group>"; };
		4EBB105F2504890A0068B341 /* GeonameCity.swift */ = {isa = PBXFileReference; lastKnownFileType = sourcecode.swift; path = GeonameCity.swift; sourceTree = "<group>"; };
		4EBB1061250489140068B341 /* UrbanArea.swift */ = {isa = PBXFileReference; lastKnownFileType = sourcecode.swift; path = UrbanArea.swift; sourceTree = "<group>"; };
		4EBB10632504891D0068B341 /* TeleportCity.swift */ = {isa = PBXFileReference; lastKnownFileType = sourcecode.swift; path = TeleportCity.swift; sourceTree = "<group>"; };
		4EBB106625048A740068B341 /* StringExtension.swift */ = {isa = PBXFileReference; lastKnownFileType = sourcecode.swift; path = StringExtension.swift; sourceTree = "<group>"; };
		4EBB106825048D100068B341 /* RequestService.swift */ = {isa = PBXFileReference; lastKnownFileType = sourcecode.swift; path = RequestService.swift; sourceTree = "<group>"; };
		4EBB106A2504A5730068B341 /* LocalPersistenceService.swift */ = {isa = PBXFileReference; lastKnownFileType = sourcecode.swift; path = LocalPersistenceService.swift; sourceTree = "<group>"; };
		4EDF3B4024FFFCA30011CB42 /* OpenWeatherApp.app */ = {isa = PBXFileReference; explicitFileType = wrapper.application; includeInIndex = 0; path = OpenWeatherApp.app; sourceTree = BUILT_PRODUCTS_DIR; };
		4EDF3B4324FFFCA30011CB42 /* AppDelegate.swift */ = {isa = PBXFileReference; lastKnownFileType = sourcecode.swift; path = AppDelegate.swift; sourceTree = "<group>"; };
		4EDF3B4D24FFFCA30011CB42 /* OpenWeatherApp.xcdatamodel */ = {isa = PBXFileReference; lastKnownFileType = wrapper.xcdatamodel; path = OpenWeatherApp.xcdatamodel; sourceTree = "<group>"; };
		4EDF3B4F24FFFCA40011CB42 /* Assets.xcassets */ = {isa = PBXFileReference; lastKnownFileType = folder.assetcatalog; path = Assets.xcassets; sourceTree = "<group>"; };
		4EDF3B5224FFFCA40011CB42 /* Base */ = {isa = PBXFileReference; lastKnownFileType = file.storyboard; name = Base; path = Base.lproj/LaunchScreen.storyboard; sourceTree = "<group>"; };
		4EDF3B5424FFFCA40011CB42 /* Info.plist */ = {isa = PBXFileReference; lastKnownFileType = text.plist.xml; path = Info.plist; sourceTree = "<group>"; };
		4EDF3B5924FFFCA40011CB42 /* OpenWeatherAppTests.xctest */ = {isa = PBXFileReference; explicitFileType = wrapper.cfbundle; includeInIndex = 0; path = OpenWeatherAppTests.xctest; sourceTree = BUILT_PRODUCTS_DIR; };
		4EDF3B5D24FFFCA40011CB42 /* OpenWeatherAppTests.swift */ = {isa = PBXFileReference; lastKnownFileType = sourcecode.swift; path = OpenWeatherAppTests.swift; sourceTree = "<group>"; };
		4EDF3B5F24FFFCA40011CB42 /* Info.plist */ = {isa = PBXFileReference; lastKnownFileType = text.plist.xml; path = Info.plist; sourceTree = "<group>"; };
		4EDF3B6424FFFCA50011CB42 /* OpenWeatherAppUITests.xctest */ = {isa = PBXFileReference; explicitFileType = wrapper.cfbundle; includeInIndex = 0; path = OpenWeatherAppUITests.xctest; sourceTree = BUILT_PRODUCTS_DIR; };
		4EDF3B6824FFFCA50011CB42 /* OpenWeatherAppUITests.swift */ = {isa = PBXFileReference; lastKnownFileType = sourcecode.swift; path = OpenWeatherAppUITests.swift; sourceTree = "<group>"; };
		4EDF3B6A24FFFCA50011CB42 /* Info.plist */ = {isa = PBXFileReference; lastKnownFileType = text.plist.xml; path = Info.plist; sourceTree = "<group>"; };
		4EDF3B7624FFFCED0011CB42 /* OpenWeatherServices.swift */ = {isa = PBXFileReference; lastKnownFileType = sourcecode.swift; path = OpenWeatherServices.swift; sourceTree = "<group>"; };
/* End PBXFileReference section */

/* Begin PBXFrameworksBuildPhase section */
		4EDF3B3D24FFFCA30011CB42 /* Frameworks */ = {
			isa = PBXFrameworksBuildPhase;
			buildActionMask = 2147483647;
			files = (
			);
			runOnlyForDeploymentPostprocessing = 0;
		};
		4EDF3B5624FFFCA40011CB42 /* Frameworks */ = {
			isa = PBXFrameworksBuildPhase;
			buildActionMask = 2147483647;
			files = (
			);
			runOnlyForDeploymentPostprocessing = 0;
		};
		4EDF3B6124FFFCA50011CB42 /* Frameworks */ = {
			isa = PBXFrameworksBuildPhase;
			buildActionMask = 2147483647;
			files = (
			);
			runOnlyForDeploymentPostprocessing = 0;
		};
/* End PBXFrameworksBuildPhase section */

/* Begin PBXGroup section */
		4E0B6C4125033A7600ECC42C /* Services */ = {
			isa = PBXGroup;
			children = (
				4EBB106825048D100068B341 /* RequestService.swift */,
				4EA23860250475C000800D89 /* TeleportService.swift */,
				4EDF3B7624FFFCED0011CB42 /* OpenWeatherServices.swift */,
				4E0B6C3F25032C6800ECC42C /* LocationService.swift */,
				4E0B6C4625033B1A00ECC42C /* SearchPlaceService.swift */,
				4EBB106A2504A5730068B341 /* LocalPersistenceService.swift */,
			);
			path = Services;
			sourceTree = "<group>";
		};
		4E0B6C4225033A7C00ECC42C /* ViewControllers */ = {
			isa = PBXGroup;
			children = (
				4E0B6C482503405B00ECC42C /* MasterViewController */,
				4E0B6C4525033AAA00ECC42C /* SearchViewController */,
			);
			path = ViewControllers;
			sourceTree = "<group>";
		};
		4E0B6C4525033AAA00ECC42C /* SearchViewController */ = {
			isa = PBXGroup;
			children = (
				4E0B6C3D2503177C00ECC42C /* SearchViewController.swift */,
				4E0B6C4325033A9F00ECC42C /* SearchViewControllerExtensions.swift */,
			);
			path = SearchViewController;
			sourceTree = "<group>";
		};
		4E0B6C482503405B00ECC42C /* MasterViewController */ = {
			isa = PBXGroup;
			children = (
				4E0B6C372503144A00ECC42C /* MasterViewController.swift */,
				4E0B6C492503407100ECC42C /* MasterViewControllerExtensions.swift */,
			);
			path = MasterViewController;
			sourceTree = "<group>";
		};
		4EBB105E250488FC0068B341 /* Models */ = {
			isa = PBXGroup;
			children = (
				4E0B6C3B2503152000ECC42C /* WeatherModel.swift */,
				4EBB105F2504890A0068B341 /* GeonameCity.swift */,
				4EBB10632504891D0068B341 /* TeleportCity.swift */,
				4EBB1061250489140068B341 /* UrbanArea.swift */,
			);
			path = Models;
			sourceTree = "<group>";
		};
		4EBB106525048A610068B341 /* Extensions */ = {
			isa = PBXGroup;
			children = (
				4E1581E9250365C30050EE7B /* UIViewControllerExtension.swift */,
				4EBB106625048A740068B341 /* StringExtension.swift */,
			);
			path = Extensions;
			sourceTree = "<group>";
		};
		4EDF3B3724FFFCA30011CB42 = {
			isa = PBXGroup;
			children = (
				4EDF3B4224FFFCA30011CB42 /* OpenWeatherApp */,
				4EDF3B5C24FFFCA40011CB42 /* OpenWeatherAppTests */,
				4EDF3B6724FFFCA50011CB42 /* OpenWeatherAppUITests */,
				4EDF3B4124FFFCA30011CB42 /* Products */,
			);
			sourceTree = "<group>";
		};
		4EDF3B4124FFFCA30011CB42 /* Products */ = {
			isa = PBXGroup;
			children = (
				4EDF3B4024FFFCA30011CB42 /* OpenWeatherApp.app */,
				4EDF3B5924FFFCA40011CB42 /* OpenWeatherAppTests.xctest */,
				4EDF3B6424FFFCA50011CB42 /* OpenWeatherAppUITests.xctest */,
			);
			name = Products;
			sourceTree = "<group>";
		};
		4EDF3B4224FFFCA30011CB42 /* OpenWeatherApp */ = {
			isa = PBXGroup;
			children = (
				4EBB106525048A610068B341 /* Extensions */,
				4EBB105E250488FC0068B341 /* Models */,
				4E0B6C4225033A7C00ECC42C /* ViewControllers */,
				4E0B6C4125033A7600ECC42C /* Services */,
				4EDF3B4324FFFCA30011CB42 /* AppDelegate.swift */,
				4E1581E7250345390050EE7B /* SceneDelegate.swift */,
				4E0B6C39250314E700ECC42C /* Main.storyboard */,
				4EDF3B4F24FFFCA40011CB42 /* Assets.xcassets */,
				4EDF3B5124FFFCA40011CB42 /* LaunchScreen.storyboard */,
				4EDF3B5424FFFCA40011CB42 /* Info.plist */,
				4EDF3B4C24FFFCA30011CB42 /* OpenWeatherApp.xcdatamodeld */,
			);
			path = OpenWeatherApp;
			sourceTree = "<group>";
		};
		4EDF3B5C24FFFCA40011CB42 /* OpenWeatherAppTests */ = {
			isa = PBXGroup;
			children = (
				4EDF3B5D24FFFCA40011CB42 /* OpenWeatherAppTests.swift */,
				4EDF3B5F24FFFCA40011CB42 /* Info.plist */,
			);
			path = OpenWeatherAppTests;
			sourceTree = "<group>";
		};
		4EDF3B6724FFFCA50011CB42 /* OpenWeatherAppUITests */ = {
			isa = PBXGroup;
			children = (
				4EDF3B6824FFFCA50011CB42 /* OpenWeatherAppUITests.swift */,
				4EDF3B6A24FFFCA50011CB42 /* Info.plist */,
			);
			path = OpenWeatherAppUITests;
			sourceTree = "<group>";
		};
/* End PBXGroup section */

/* Begin PBXNativeTarget section */
		4EDF3B3F24FFFCA30011CB42 /* OpenWeatherApp */ = {
			isa = PBXNativeTarget;
			buildConfigurationList = 4EDF3B6D24FFFCA50011CB42 /* Build configuration list for PBXNativeTarget "OpenWeatherApp" */;
			buildPhases = (
				4EDF3B3C24FFFCA30011CB42 /* Sources */,
				4EDF3B3D24FFFCA30011CB42 /* Frameworks */,
				4EDF3B3E24FFFCA30011CB42 /* Resources */,
			);
			buildRules = (
			);
			dependencies = (
			);
			name = OpenWeatherApp;
			productName = OpenWeatherApp;
			productReference = 4EDF3B4024FFFCA30011CB42 /* OpenWeatherApp.app */;
			productType = "com.apple.product-type.application";
		};
		4EDF3B5824FFFCA40011CB42 /* OpenWeatherAppTests */ = {
			isa = PBXNativeTarget;
			buildConfigurationList = 4EDF3B7024FFFCA50011CB42 /* Build configuration list for PBXNativeTarget "OpenWeatherAppTests" */;
			buildPhases = (
				4EDF3B5524FFFCA40011CB42 /* Sources */,
				4EDF3B5624FFFCA40011CB42 /* Frameworks */,
				4EDF3B5724FFFCA40011CB42 /* Resources */,
			);
			buildRules = (
			);
			dependencies = (
				4EDF3B5B24FFFCA40011CB42 /* PBXTargetDependency */,
			);
			name = OpenWeatherAppTests;
			productName = OpenWeatherAppTests;
			productReference = 4EDF3B5924FFFCA40011CB42 /* OpenWeatherAppTests.xctest */;
			productType = "com.apple.product-type.bundle.unit-test";
		};
		4EDF3B6324FFFCA50011CB42 /* OpenWeatherAppUITests */ = {
			isa = PBXNativeTarget;
			buildConfigurationList = 4EDF3B7324FFFCA50011CB42 /* Build configuration list for PBXNativeTarget "OpenWeatherAppUITests" */;
			buildPhases = (
				4EDF3B6024FFFCA50011CB42 /* Sources */,
				4EDF3B6124FFFCA50011CB42 /* Frameworks */,
				4EDF3B6224FFFCA50011CB42 /* Resources */,
			);
			buildRules = (
			);
			dependencies = (
				4EDF3B6624FFFCA50011CB42 /* PBXTargetDependency */,
			);
			name = OpenWeatherAppUITests;
			productName = OpenWeatherAppUITests;
			productReference = 4EDF3B6424FFFCA50011CB42 /* OpenWeatherAppUITests.xctest */;
			productType = "com.apple.product-type.bundle.ui-testing";
		};
/* End PBXNativeTarget section */

/* Begin PBXProject section */
		4EDF3B3824FFFCA30011CB42 /* Project object */ = {
			isa = PBXProject;
			attributes = {
				LastSwiftUpdateCheck = 1160;
				LastUpgradeCheck = 1160;
				ORGANIZATIONNAME = "Cristiano Lunardi";
				TargetAttributes = {
					4EDF3B3F24FFFCA30011CB42 = {
						CreatedOnToolsVersion = 11.6;
					};
					4EDF3B5824FFFCA40011CB42 = {
						CreatedOnToolsVersion = 11.6;
						TestTargetID = 4EDF3B3F24FFFCA30011CB42;
					};
					4EDF3B6324FFFCA50011CB42 = {
						CreatedOnToolsVersion = 11.6;
						TestTargetID = 4EDF3B3F24FFFCA30011CB42;
					};
				};
			};
			buildConfigurationList = 4EDF3B3B24FFFCA30011CB42 /* Build configuration list for PBXProject "OpenWeatherApp" */;
			compatibilityVersion = "Xcode 9.3";
			developmentRegion = en;
			hasScannedForEncodings = 0;
			knownRegions = (
				en,
				Base,
			);
			mainGroup = 4EDF3B3724FFFCA30011CB42;
			productRefGroup = 4EDF3B4124FFFCA30011CB42 /* Products */;
			projectDirPath = "";
			projectRoot = "";
			targets = (
				4EDF3B3F24FFFCA30011CB42 /* OpenWeatherApp */,
				4EDF3B5824FFFCA40011CB42 /* OpenWeatherAppTests */,
				4EDF3B6324FFFCA50011CB42 /* OpenWeatherAppUITests */,
			);
		};
/* End PBXProject section */

/* Begin PBXResourcesBuildPhase section */
		4EDF3B3E24FFFCA30011CB42 /* Resources */ = {
			isa = PBXResourcesBuildPhase;
			buildActionMask = 2147483647;
			files = (
				4EDF3B5324FFFCA40011CB42 /* LaunchScreen.storyboard in Resources */,
				4EDF3B5024FFFCA40011CB42 /* Assets.xcassets in Resources */,
				4E0B6C3A250314E700ECC42C /* Main.storyboard in Resources */,
			);
			runOnlyForDeploymentPostprocessing = 0;
		};
		4EDF3B5724FFFCA40011CB42 /* Resources */ = {
			isa = PBXResourcesBuildPhase;
			buildActionMask = 2147483647;
			files = (
			);
			runOnlyForDeploymentPostprocessing = 0;
		};
		4EDF3B6224FFFCA50011CB42 /* Resources */ = {
			isa = PBXResourcesBuildPhase;
			buildActionMask = 2147483647;
			files = (
			);
			runOnlyForDeploymentPostprocessing = 0;
		};
/* End PBXResourcesBuildPhase section */

/* Begin PBXSourcesBuildPhase section */
		4EDF3B3C24FFFCA30011CB42 /* Sources */ = {
			isa = PBXSourcesBuildPhase;
			buildActionMask = 2147483647;
			files = (
				4EDF3B4424FFFCA30011CB42 /* AppDelegate.swift in Sources */,
				4EBB106925048D100068B341 /* RequestService.swift in Sources */,
				4EBB1062250489140068B341 /* UrbanArea.swift in Sources */,
				4E0B6C3E2503177C00ECC42C /* SearchViewController.swift in Sources */,
				4E0B6C4025032C6800ECC42C /* LocationService.swift in Sources */,
				4E0B6C4725033B1A00ECC42C /* SearchPlaceService.swift in Sources */,
				4EBB10642504891D0068B341 /* TeleportCity.swift in Sources */,
				4E0B6C382503144A00ECC42C /* MasterViewController.swift in Sources */,
				4EBB10602504890A0068B341 /* GeonameCity.swift in Sources */,
				4EBB106B2504A5730068B341 /* LocalPersistenceService.swift in Sources */,
				4EDF3B4E24FFFCA30011CB42 /* OpenWeatherApp.xcdatamodeld in Sources */,
				4E0B6C4A2503407100ECC42C /* MasterViewControllerExtensions.swift in Sources */,
				4E1581EA250365C30050EE7B /* UIViewControllerExtension.swift in Sources */,
				4E1581E8250345390050EE7B /* SceneDelegate.swift in Sources */,
				4E0B6C4425033A9F00ECC42C /* SearchViewControllerExtensions.swift in Sources */,
				4E0B6C3C2503152000ECC42C /* WeatherModel.swift in Sources */,
				4EDF3B7724FFFCED0011CB42 /* OpenWeatherServices.swift in Sources */,
				4EA23861250475C000800D89 /* TeleportService.swift in Sources */,
				4EBB106725048A740068B341 /* StringExtension.swift in Sources */,
			);
			runOnlyForDeploymentPostprocessing = 0;
		};
		4EDF3B5524FFFCA40011CB42 /* Sources */ = {
			isa = PBXSourcesBuildPhase;
			buildActionMask = 2147483647;
			files = (
				4EDF3B5E24FFFCA40011CB42 /* OpenWeatherAppTests.swift in Sources */,
			);
			runOnlyForDeploymentPostprocessing = 0;
		};
		4EDF3B6024FFFCA50011CB42 /* Sources */ = {
			isa = PBXSourcesBuildPhase;
			buildActionMask = 2147483647;
			files = (
				4EDF3B6924FFFCA50011CB42 /* OpenWeatherAppUITests.swift in Sources */,
			);
			runOnlyForDeploymentPostprocessing = 0;
		};
/* End PBXSourcesBuildPhase section */

/* Begin PBXTargetDependency section */
		4EDF3B5B24FFFCA40011CB42 /* PBXTargetDependency */ = {
			isa = PBXTargetDependency;
			target = 4EDF3B3F24FFFCA30011CB42 /* OpenWeatherApp */;
			targetProxy = 4EDF3B5A24FFFCA40011CB42 /* PBXContainerItemProxy */;
		};
		4EDF3B6624FFFCA50011CB42 /* PBXTargetDependency */ = {
			isa = PBXTargetDependency;
			target = 4EDF3B3F24FFFCA30011CB42 /* OpenWeatherApp */;
			targetProxy = 4EDF3B6524FFFCA50011CB42 /* PBXContainerItemProxy */;
		};
/* End PBXTargetDependency section */

/* Begin PBXVariantGroup section */
		4EDF3B5124FFFCA40011CB42 /* LaunchScreen.storyboard */ = {
			isa = PBXVariantGroup;
			children = (
				4EDF3B5224FFFCA40011CB42 /* Base */,
			);
			name = LaunchScreen.storyboard;
			sourceTree = "<group>";
		};
/* End PBXVariantGroup section */

/* Begin XCBuildConfiguration section */
		4EDF3B6B24FFFCA50011CB42 /* Debug */ = {
			isa = XCBuildConfiguration;
			buildSettings = {
				ALWAYS_SEARCH_USER_PATHS = NO;
				CLANG_ANALYZER_NONNULL = YES;
				CLANG_ANALYZER_NUMBER_OBJECT_CONVERSION = YES_AGGRESSIVE;
				CLANG_CXX_LANGUAGE_STANDARD = "gnu++14";
				CLANG_CXX_LIBRARY = "libc++";
				CLANG_ENABLE_MODULES = YES;
				CLANG_ENABLE_OBJC_ARC = YES;
				CLANG_ENABLE_OBJC_WEAK = YES;
				CLANG_WARN_BLOCK_CAPTURE_AUTORELEASING = YES;
				CLANG_WARN_BOOL_CONVERSION = YES;
				CLANG_WARN_COMMA = YES;
				CLANG_WARN_CONSTANT_CONVERSION = YES;
				CLANG_WARN_DEPRECATED_OBJC_IMPLEMENTATIONS = YES;
				CLANG_WARN_DIRECT_OBJC_ISA_USAGE = YES_ERROR;
				CLANG_WARN_DOCUMENTATION_COMMENTS = YES;
				CLANG_WARN_EMPTY_BODY = YES;
				CLANG_WARN_ENUM_CONVERSION = YES;
				CLANG_WARN_INFINITE_RECURSION = YES;
				CLANG_WARN_INT_CONVERSION = YES;
				CLANG_WARN_NON_LITERAL_NULL_CONVERSION = YES;
				CLANG_WARN_OBJC_IMPLICIT_RETAIN_SELF = YES;
				CLANG_WARN_OBJC_LITERAL_CONVERSION = YES;
				CLANG_WARN_OBJC_ROOT_CLASS = YES_ERROR;
				CLANG_WARN_RANGE_LOOP_ANALYSIS = YES;
				CLANG_WARN_STRICT_PROTOTYPES = YES;
				CLANG_WARN_SUSPICIOUS_MOVE = YES;
				CLANG_WARN_UNGUARDED_AVAILABILITY = YES_AGGRESSIVE;
				CLANG_WARN_UNREACHABLE_CODE = YES;
				CLANG_WARN__DUPLICATE_METHOD_MATCH = YES;
				COPY_PHASE_STRIP = NO;
				DEBUG_INFORMATION_FORMAT = dwarf;
				ENABLE_STRICT_OBJC_MSGSEND = YES;
				ENABLE_TESTABILITY = YES;
				GCC_C_LANGUAGE_STANDARD = gnu11;
				GCC_DYNAMIC_NO_PIC = NO;
				GCC_NO_COMMON_BLOCKS = YES;
				GCC_OPTIMIZATION_LEVEL = 0;
				GCC_PREPROCESSOR_DEFINITIONS = (
					"DEBUG=1",
					"$(inherited)",
				);
				GCC_WARN_64_TO_32_BIT_CONVERSION = YES;
				GCC_WARN_ABOUT_RETURN_TYPE = YES_ERROR;
				GCC_WARN_UNDECLARED_SELECTOR = YES;
				GCC_WARN_UNINITIALIZED_AUTOS = YES_AGGRESSIVE;
				GCC_WARN_UNUSED_FUNCTION = YES;
				GCC_WARN_UNUSED_VARIABLE = YES;
				IPHONEOS_DEPLOYMENT_TARGET = 13.6;
				MTL_ENABLE_DEBUG_INFO = INCLUDE_SOURCE;
				MTL_FAST_MATH = YES;
				ONLY_ACTIVE_ARCH = YES;
				SDKROOT = iphoneos;
				SWIFT_ACTIVE_COMPILATION_CONDITIONS = DEBUG;
				SWIFT_OPTIMIZATION_LEVEL = "-Onone";
			};
			name = Debug;
		};
		4EDF3B6C24FFFCA50011CB42 /* Release */ = {
			isa = XCBuildConfiguration;
			buildSettings = {
				ALWAYS_SEARCH_USER_PATHS = NO;
				CLANG_ANALYZER_NONNULL = YES;
				CLANG_ANALYZER_NUMBER_OBJECT_CONVERSION = YES_AGGRESSIVE;
				CLANG_CXX_LANGUAGE_STANDARD = "gnu++14";
				CLANG_CXX_LIBRARY = "libc++";
				CLANG_ENABLE_MODULES = YES;
				CLANG_ENABLE_OBJC_ARC = YES;
				CLANG_ENABLE_OBJC_WEAK = YES;
				CLANG_WARN_BLOCK_CAPTURE_AUTORELEASING = YES;
				CLANG_WARN_BOOL_CONVERSION = YES;
				CLANG_WARN_COMMA = YES;
				CLANG_WARN_CONSTANT_CONVERSION = YES;
				CLANG_WARN_DEPRECATED_OBJC_IMPLEMENTATIONS = YES;
				CLANG_WARN_DIRECT_OBJC_ISA_USAGE = YES_ERROR;
				CLANG_WARN_DOCUMENTATION_COMMENTS = YES;
				CLANG_WARN_EMPTY_BODY = YES;
				CLANG_WARN_ENUM_CONVERSION = YES;
				CLANG_WARN_INFINITE_RECURSION = YES;
				CLANG_WARN_INT_CONVERSION = YES;
				CLANG_WARN_NON_LITERAL_NULL_CONVERSION = YES;
				CLANG_WARN_OBJC_IMPLICIT_RETAIN_SELF = YES;
				CLANG_WARN_OBJC_LITERAL_CONVERSION = YES;
				CLANG_WARN_OBJC_ROOT_CLASS = YES_ERROR;
				CLANG_WARN_RANGE_LOOP_ANALYSIS = YES;
				CLANG_WARN_STRICT_PROTOTYPES = YES;
				CLANG_WARN_SUSPICIOUS_MOVE = YES;
				CLANG_WARN_UNGUARDED_AVAILABILITY = YES_AGGRESSIVE;
				CLANG_WARN_UNREACHABLE_CODE = YES;
				CLANG_WARN__DUPLICATE_METHOD_MATCH = YES;
				COPY_PHASE_STRIP = NO;
				DEBUG_INFORMATION_FORMAT = "dwarf-with-dsym";
				ENABLE_NS_ASSERTIONS = NO;
				ENABLE_STRICT_OBJC_MSGSEND = YES;
				GCC_C_LANGUAGE_STANDARD = gnu11;
				GCC_NO_COMMON_BLOCKS = YES;
				GCC_WARN_64_TO_32_BIT_CONVERSION = YES;
				GCC_WARN_ABOUT_RETURN_TYPE = YES_ERROR;
				GCC_WARN_UNDECLARED_SELECTOR = YES;
				GCC_WARN_UNINITIALIZED_AUTOS = YES_AGGRESSIVE;
				GCC_WARN_UNUSED_FUNCTION = YES;
				GCC_WARN_UNUSED_VARIABLE = YES;
				IPHONEOS_DEPLOYMENT_TARGET = 13.6;
				MTL_ENABLE_DEBUG_INFO = NO;
				MTL_FAST_MATH = YES;
				SDKROOT = iphoneos;
				SWIFT_COMPILATION_MODE = wholemodule;
				SWIFT_OPTIMIZATION_LEVEL = "-O";
				VALIDATE_PRODUCT = YES;
			};
			name = Release;
		};
		4EDF3B6E24FFFCA50011CB42 /* Debug */ = {
			isa = XCBuildConfiguration;
			buildSettings = {
				ASSETCATALOG_COMPILER_APPICON_NAME = AppIcon;
				CODE_SIGN_STYLE = Automatic;
				DEVELOPMENT_TEAM = MX697MNWTH;
				INFOPLIST_FILE = OpenWeatherApp/Info.plist;
				LD_RUNPATH_SEARCH_PATHS = (
					"$(inherited)",
					"@executable_path/Frameworks",
				);
				PRODUCT_BUNDLE_IDENTIFIER = com.cristianosalla.OpenWeatherApp;
				PRODUCT_NAME = "$(TARGET_NAME)";
				SWIFT_VERSION = 5.0;
				TARGETED_DEVICE_FAMILY = "1,2";
			};
			name = Debug;
		};
		4EDF3B6F24FFFCA50011CB42 /* Release */ = {
			isa = XCBuildConfiguration;
			buildSettings = {
				ASSETCATALOG_COMPILER_APPICON_NAME = AppIcon;
				CODE_SIGN_STYLE = Automatic;
				DEVELOPMENT_TEAM = MX697MNWTH;
				INFOPLIST_FILE = OpenWeatherApp/Info.plist;
				LD_RUNPATH_SEARCH_PATHS = (
					"$(inherited)",
					"@executable_path/Frameworks",
				);
				PRODUCT_BUNDLE_IDENTIFIER = com.cristianosalla.OpenWeatherApp;
				PRODUCT_NAME = "$(TARGET_NAME)";
				SWIFT_VERSION = 5.0;
				TARGETED_DEVICE_FAMILY = "1,2";
			};
			name = Release;
		};
		4EDF3B7124FFFCA50011CB42 /* Debug */ = {
			isa = XCBuildConfiguration;
			buildSettings = {
				ALWAYS_EMBED_SWIFT_STANDARD_LIBRARIES = YES;
				BUNDLE_LOADER = "$(TEST_HOST)";
				CODE_SIGN_STYLE = Automatic;
				DEVELOPMENT_TEAM = MX697MNWTH;
				INFOPLIST_FILE = OpenWeatherAppTests/Info.plist;
				IPHONEOS_DEPLOYMENT_TARGET = 13.6;
				LD_RUNPATH_SEARCH_PATHS = (
					"$(inherited)",
					"@executable_path/Frameworks",
					"@loader_path/Frameworks",
				);
				PRODUCT_BUNDLE_IDENTIFIER = com.cristianosalla.OpenWeatherAppTests;
				PRODUCT_NAME = "$(TARGET_NAME)";
				SWIFT_VERSION = 5.0;
				TARGETED_DEVICE_FAMILY = "1,2";
				TEST_HOST = "$(BUILT_PRODUCTS_DIR)/OpenWeatherApp.app/OpenWeatherApp";
			};
			name = Debug;
		};
		4EDF3B7224FFFCA50011CB42 /* Release */ = {
			isa = XCBuildConfiguration;
			buildSettings = {
				ALWAYS_EMBED_SWIFT_STANDARD_LIBRARIES = YES;
				BUNDLE_LOADER = "$(TEST_HOST)";
				CODE_SIGN_STYLE = Automatic;
				DEVELOPMENT_TEAM = MX697MNWTH;
				INFOPLIST_FILE = OpenWeatherAppTests/Info.plist;
				IPHONEOS_DEPLOYMENT_TARGET = 13.6;
				LD_RUNPATH_SEARCH_PATHS = (
					"$(inherited)",
					"@executable_path/Frameworks",
					"@loader_path/Frameworks",
				);
				PRODUCT_BUNDLE_IDENTIFIER = com.cristianosalla.OpenWeatherAppTests;
				PRODUCT_NAME = "$(TARGET_NAME)";
				SWIFT_VERSION = 5.0;
				TARGETED_DEVICE_FAMILY = "1,2";
				TEST_HOST = "$(BUILT_PRODUCTS_DIR)/OpenWeatherApp.app/OpenWeatherApp";
			};
			name = Release;
		};
		4EDF3B7424FFFCA50011CB42 /* Debug */ = {
			isa = XCBuildConfiguration;
			buildSettings = {
				ALWAYS_EMBED_SWIFT_STANDARD_LIBRARIES = YES;
				CODE_SIGN_STYLE = Automatic;
				DEVELOPMENT_TEAM = MX697MNWTH;
				INFOPLIST_FILE = OpenWeatherAppUITests/Info.plist;
				LD_RUNPATH_SEARCH_PATHS = (
					"$(inherited)",
					"@executable_path/Frameworks",
					"@loader_path/Frameworks",
				);
				PRODUCT_BUNDLE_IDENTIFIER = com.cristianosalla.OpenWeatherAppUITests;
				PRODUCT_NAME = "$(TARGET_NAME)";
				SWIFT_VERSION = 5.0;
				TARGETED_DEVICE_FAMILY = "1,2";
				TEST_TARGET_NAME = OpenWeatherApp;
			};
			name = Debug;
		};
		4EDF3B7524FFFCA50011CB42 /* Release */ = {
			isa = XCBuildConfiguration;
			buildSettings = {
				ALWAYS_EMBED_SWIFT_STANDARD_LIBRARIES = YES;
				CODE_SIGN_STYLE = Automatic;
				DEVELOPMENT_TEAM = MX697MNWTH;
				INFOPLIST_FILE = OpenWeatherAppUITests/Info.plist;
				LD_RUNPATH_SEARCH_PATHS = (
					"$(inherited)",
					"@executable_path/Frameworks",
					"@loader_path/Frameworks",
				);
				PRODUCT_BUNDLE_IDENTIFIER = com.cristianosalla.OpenWeatherAppUITests;
				PRODUCT_NAME = "$(TARGET_NAME)";
				SWIFT_VERSION = 5.0;
				TARGETED_DEVICE_FAMILY = "1,2";
				TEST_TARGET_NAME = OpenWeatherApp;
			};
			name = Release;
		};
/* End XCBuildConfiguration section */

/* Begin XCConfigurationList section */
		4EDF3B3B24FFFCA30011CB42 /* Build configuration list for PBXProject "OpenWeatherApp" */ = {
			isa = XCConfigurationList;
			buildConfigurations = (
				4EDF3B6B24FFFCA50011CB42 /* Debug */,
				4EDF3B6C24FFFCA50011CB42 /* Release */,
			);
			defaultConfigurationIsVisible = 0;
			defaultConfigurationName = Release;
		};
		4EDF3B6D24FFFCA50011CB42 /* Build configuration list for PBXNativeTarget "OpenWeatherApp" */ = {
			isa = XCConfigurationList;
			buildConfigurations = (
				4EDF3B6E24FFFCA50011CB42 /* Debug */,
				4EDF3B6F24FFFCA50011CB42 /* Release */,
			);
			defaultConfigurationIsVisible = 0;
			defaultConfigurationName = Release;
		};
		4EDF3B7024FFFCA50011CB42 /* Build configuration list for PBXNativeTarget "OpenWeatherAppTests" */ = {
			isa = XCConfigurationList;
			buildConfigurations = (
				4EDF3B7124FFFCA50011CB42 /* Debug */,
				4EDF3B7224FFFCA50011CB42 /* Release */,
			);
			defaultConfigurationIsVisible = 0;
			defaultConfigurationName = Release;
		};
		4EDF3B7324FFFCA50011CB42 /* Build configuration list for PBXNativeTarget "OpenWeatherAppUITests" */ = {
			isa = XCConfigurationList;
			buildConfigurations = (
				4EDF3B7424FFFCA50011CB42 /* Debug */,
				4EDF3B7524FFFCA50011CB42 /* Release */,
			);
			defaultConfigurationIsVisible = 0;
			defaultConfigurationName = Release;
		};
/* End XCConfigurationList section */

/* Begin XCVersionGroup section */
		4EDF3B4C24FFFCA30011CB42 /* OpenWeatherApp.xcdatamodeld */ = {
			isa = XCVersionGroup;
			children = (
				4EDF3B4D24FFFCA30011CB42 /* OpenWeatherApp.xcdatamodel */,
			);
			currentVersion = 4EDF3B4D24FFFCA30011CB42 /* OpenWeatherApp.xcdatamodel */;
			path = OpenWeatherApp.xcdatamodeld;
			sourceTree = "<group>";
			versionGroupType = wrapper.xcdatamodel;
		};
/* End XCVersionGroup section */
	};
	rootObject = 4EDF3B3824FFFCA30011CB42 /* Project object */;
}
